
Microsoft Visual Studio Solution File, Format Version 12.00
# Visual Studio Version 16
VisualStudioVersion = 16.0.31605.320
MinimumVisualStudioVersion = 10.0.40219.1
Project("{FAE04EC0-301F-11D3-BF4B-00C04F79EFBC}") = "Quest.Auth.Api", "Quest.Auth\Quest.Auth.Api\Quest.Auth.Api.csproj", "{7E3D836C-F312-4C2F-B578-F6A2D8845CFA}"
EndProject
Global
	GlobalSection(SolutionConfigurationPlatforms) = preSolution
		Debug|Any CPU = Debug|Any CPU
		Release|Any CPU = Release|Any CPU
	EndGlobalSection
	GlobalSection(ProjectConfigurationPlatforms) = postSolution
		{7E3D836C-F312-4C2F-B578-F6A2D8845CFA}.Debug|Any CPU.ActiveCfg = Debug|Any CPU
		{7E3D836C-F312-4C2F-B578-F6A2D8845CFA}.Debug|Any CPU.Build.0 = Debug|Any CPU
		{7E3D836C-F312-4C2F-B578-F6A2D8845CFA}.Release|Any CPU.ActiveCfg = Release|Any CPU
		{7E3D836C-F312-4C2F-B578-F6A2D8845CFA}.Release|Any CPU.Build.0 = Release|Any CPU
	EndGlobalSection
	GlobalSection(SolutionProperties) = preSolution
		HideSolutionNode = FALSE
	EndGlobalSection
	GlobalSection(ExtensibilityGlobals) = postSolution
		SolutionGuid = {08D78B88-9646-45C4-B480-D2721E4EBEC0}
	EndGlobalSection
EndGlobal
